// !$*UTF8*$!
{
	archiveVersion = 1;
	classes = {
	};
	objectVersion = 46;
	objects = {

/* Begin PBXBuildFile section */
		C433381B19D61B4E00468C38 /* AppDelegate.swift in Sources */ = {isa = PBXBuildFile; fileRef = C433381A19D61B4E00468C38 /* AppDelegate.swift */; };
		C433381D19D61B4E00468C38 /* ViewController.swift in Sources */ = {isa = PBXBuildFile; fileRef = C433381C19D61B4E00468C38 /* ViewController.swift */; };
		C433382019D61B4E00468C38 /* Main.storyboard in Resources */ = {isa = PBXBuildFile; fileRef = C433381E19D61B4E00468C38 /* Main.storyboard */; };
		C433382219D61B4E00468C38 /* Images.xcassets in Resources */ = {isa = PBXBuildFile; fileRef = C433382119D61B4E00468C38 /* Images.xcassets */; };
		C433382519D61B4E00468C38 /* LaunchScreen.xib in Resources */ = {isa = PBXBuildFile; fileRef = C433382319D61B4E00468C38 /* LaunchScreen.xib */; };
		C433383119D61B4E00468C38 /* AuthTests.swift in Sources */ = {isa = PBXBuildFile; fileRef = C433383019D61B4E00468C38 /* AuthTests.swift */; };
/* End PBXBuildFile section */

/* Begin PBXContainerItemProxy section */
		C433382B19D61B4E00468C38 /* PBXContainerItemProxy */ = {
			isa = PBXContainerItemProxy;
			containerPortal = C433380D19D61B4E00468C38 /* Project object */;
			proxyType = 1;
			remoteGlobalIDString = C433381419D61B4E00468C38;
			remoteInfo = Auth;
		};
/* End PBXContainerItemProxy section */

/* Begin PBXFileReference section */
		C433381519D61B4E00468C38 /* Auth.app */ = {isa = PBXFileReference; explicitFileType = wrapper.application; includeInIndex = 0; path = Auth.app; sourceTree = BUILT_PRODUCTS_DIR; };
		C433381919D61B4E00468C38 /* Info.plist */ = {isa = PBXFileReference; lastKnownFileType = text.plist.xml; path = Info.plist; sourceTree = "<group>"; };
		C433381A19D61B4E00468C38 /* AppDelegate.swift */ = {isa = PBXFileReference; lastKnownFileType = sourcecode.swift; path = AppDelegate.swift; sourceTree = "<group>"; };
		C433381C19D61B4E00468C38 /* ViewController.swift */ = {isa = PBXFileReference; lastKnownFileType = sourcecode.swift; path = ViewController.swift; sourceTree = "<group>"; };
		C433381F19D61B4E00468C38 /* Base */ = {isa = PBXFileReference; lastKnownFileType = file.storyboard; name = Base; path = Base.lproj/Main.storyboard; sourceTree = "<group>"; };
		C433382119D61B4E00468C38 /* Images.xcassets */ = {isa = PBXFileReference; lastKnownFileType = folder.assetcatalog; path = Images.xcassets; sourceTree = "<group>"; };
		C433382419D61B4E00468C38 /* Base */ = {isa = PBXFileReference; lastKnownFileType = file.xib; name = Base; path = Base.lproj/LaunchScreen.xib; sourceTree = "<group>"; };
		C433382A19D61B4E00468C38 /* AuthTests.xctest */ = {isa = PBXFileReference; explicitFileType = wrapper.cfbundle; includeInIndex = 0; path = AuthTests.xctest; sourceTree = BUILT_PRODUCTS_DIR; };
		C433382F19D61B4E00468C38 /* Info.plist */ = {isa = PBXFileReference; lastKnownFileType = text.plist.xml; path = Info.plist; sourceTree = "<group>"; };
		C433383019D61B4E00468C38 /* AuthTests.swift */ = {isa = PBXFileReference; lastKnownFileType = sourcecode.swift; path = AuthTests.swift; sourceTree = "<group>"; };
/* End PBXFileReference section */

/* Begin PBXFrameworksBuildPhase section */
		C433381219D61B4E00468C38 /* Frameworks */ = {
			isa = PBXFrameworksBuildPhase;
			buildActionMask = 2147483647;
			files = (
			);
			runOnlyForDeploymentPostprocessing = 0;
		};
		C433382719D61B4E00468C38 /* Frameworks */ = {
			isa = PBXFrameworksBuildPhase;
			buildActionMask = 2147483647;
			files = (
			);
			runOnlyForDeploymentPostprocessing = 0;
		};
/* End PBXFrameworksBuildPhase section */

/* Begin PBXGroup section */
		C433380C19D61B4E00468C38 = {
			isa = PBXGroup;
			children = (
				C433381719D61B4E00468C38 /* Auth */,
				C433382D19D61B4E00468C38 /* AuthTests */,
				C433381619D61B4E00468C38 /* Products */,
			);
			sourceTree = "<group>";
		};
		C433381619D61B4E00468C38 /* Products */ = {
			isa = PBXGroup;
			children = (
				C433381519D61B4E00468C38 /* Auth.app */,
				C433382A19D61B4E00468C38 /* AuthTests.xctest */,
			);
			name = Products;
			sourceTree = "<group>";
		};
		C433381719D61B4E00468C38 /* Auth */ = {
			isa = PBXGroup;
			children = (
				C433381A19D61B4E00468C38 /* AppDelegate.swift */,
				C433381C19D61B4E00468C38 /* ViewController.swift */,
				C433381E19D61B4E00468C38 /* Main.storyboard */,
				C433382119D61B4E00468C38 /* Images.xcassets */,
				C433382319D61B4E00468C38 /* LaunchScreen.xib */,
				C433381819D61B4E00468C38 /* Supporting Files */,
			);
			path = Auth;
			sourceTree = "<group>";
		};
		C433381819D61B4E00468C38 /* Supporting Files */ = {
			isa = PBXGroup;
			children = (
				C433381919D61B4E00468C38 /* Info.plist */,
			);
			name = "Supporting Files";
			sourceTree = "<group>";
		};
		C433382D19D61B4E00468C38 /* AuthTests */ = {
			isa = PBXGroup;
			children = (
				C433383019D61B4E00468C38 /* AuthTests.swift */,
				C433382E19D61B4E00468C38 /* Supporting Files */,
			);
			path = AuthTests;
			sourceTree = "<group>";
		};
		C433382E19D61B4E00468C38 /* Supporting Files */ = {
			isa = PBXGroup;
			children = (
				C433382F19D61B4E00468C38 /* Info.plist */,
			);
			name = "Supporting Files";
			sourceTree = "<group>";
		};
/* End PBXGroup section */

/* Begin PBXNativeTarget section */
		C433381419D61B4E00468C38 /* Auth */ = {
			isa = PBXNativeTarget;
			buildConfigurationList = C433383419D61B4E00468C38 /* Build configuration list for PBXNativeTarget "Auth" */;
			buildPhases = (
				C433381119D61B4E00468C38 /* Sources */,
				C433381219D61B4E00468C38 /* Frameworks */,
				C433381319D61B4E00468C38 /* Resources */,
			);
			buildRules = (
			);
			dependencies = (
			);
			name = Auth;
			productName = Auth;
			productReference = C433381519D61B4E00468C38 /* Auth.app */;
			productType = "com.apple.product-type.application";
		};
		C433382919D61B4E00468C38 /* AuthTests */ = {
			isa = PBXNativeTarget;
			buildConfigurationList = C433383719D61B4E00468C38 /* Build configuration list for PBXNativeTarget "AuthTests" */;
			buildPhases = (
				C433382619D61B4E00468C38 /* Sources */,
				C433382719D61B4E00468C38 /* Frameworks */,
				C433382819D61B4E00468C38 /* Resources */,
			);
			buildRules = (
			);
			dependencies = (
				C433382C19D61B4E00468C38 /* PBXTargetDependency */,
			);
			name = AuthTests;
			productName = AuthTests;
			productReference = C433382A19D61B4E00468C38 /* AuthTests.xctest */;
			productType = "com.apple.product-type.bundle.unit-test";
		};
/* End PBXNativeTarget section */

/* Begin PBXProject section */
		C433380D19D61B4E00468C38 /* Project object */ = {
			isa = PBXProject;
			attributes = {
				LastUpgradeCheck = 0610;
				ORGANIZATIONNAME = "Olivier Robert";
				TargetAttributes = {
					C433381419D61B4E00468C38 = {
						CreatedOnToolsVersion = 6.1;
					};
					C433382919D61B4E00468C38 = {
						CreatedOnToolsVersion = 6.1;
						TestTargetID = C433381419D61B4E00468C38;
					};
				};
			};
			buildConfigurationList = C433381019D61B4E00468C38 /* Build configuration list for PBXProject "Auth" */;
			compatibilityVersion = "Xcode 3.2";
			developmentRegion = English;
			hasScannedForEncodings = 0;
			knownRegions = (
				en,
				Base,
			);
			mainGroup = C433380C19D61B4E00468C38;
			productRefGroup = C433381619D61B4E00468C38 /* Products */;
			projectDirPath = "";
			projectRoot = "";
			targets = (
				C433381419D61B4E00468C38 /* Auth */,
				C433382919D61B4E00468C38 /* AuthTests */,
			);
		};
/* End PBXProject section */

/* Begin PBXResourcesBuildPhase section */
		C433381319D61B4E00468C38 /* Resources */ = {
			isa = PBXResourcesBuildPhase;
			buildActionMask = 2147483647;
			files = (
				C433382019D61B4E00468C38 /* Main.storyboard in Resources */,
				C433382519D61B4E00468C38 /* LaunchScreen.xib in Resources */,
				C433382219D61B4E00468C38 /* Images.xcassets in Resources */,
			);
			runOnlyForDeploymentPostprocessing = 0;
		};
		C433382819D61B4E00468C38 /* Resources */ = {
			isa = PBXResourcesBuildPhase;
			buildActionMask = 2147483647;
			files = (
			);
			runOnlyForDeploymentPostprocessing = 0;
		};
/* End PBXResourcesBuildPhase section */

/* Begin PBXSourcesBuildPhase section */
		C433381119D61B4E00468C38 /* Sources */ = {
			isa = PBXSourcesBuildPhase;
			buildActionMask = 2147483647;
			files = (
				C433381D19D61B4E00468C38 /* ViewController.swift in Sources */,
				C433381B19D61B4E00468C38 /* AppDelegate.swift in Sources */,
			);
			runOnlyForDeploymentPostprocessing = 0;
		};
		C433382619D61B4E00468C38 /* Sources */ = {
			isa = PBXSourcesBuildPhase;
			buildActionMask = 2147483647;
			files = (
				C433383119D61B4E00468C38 /* AuthTests.swift in Sources */,
			);
			runOnlyForDeploymentPostprocessing = 0;
		};
/* End PBXSourcesBuildPhase section */

/* Begin PBXTargetDependency section */
		C433382C19D61B4E00468C38 /* PBXTargetDependency */ = {
			isa = PBXTargetDependency;
			target = C433381419D61B4E00468C38 /* Auth */;
			targetProxy = C433382B19D61B4E00468C38 /* PBXContainerItemProxy */;
		};
/* End PBXTargetDependency section */

/* Begin PBXVariantGroup section */
		C433381E19D61B4E00468C38 /* Main.storyboard */ = {
			isa = PBXVariantGroup;
			children = (
				C433381F19D61B4E00468C38 /* Base */,
			);
			name = Main.storyboard;
			sourceTree = "<group>";
		};
		C433382319D61B4E00468C38 /* LaunchScreen.xib */ = {
			isa = PBXVariantGroup;
			children = (
				C433382419D61B4E00468C38 /* Base */,
			);
			name = LaunchScreen.xib;
			sourceTree = "<group>";
		};
/* End PBXVariantGroup section */

/* Begin XCBuildConfiguration section */
		C433383219D61B4E00468C38 /* Debug */ = {
			isa = XCBuildConfiguration;
			buildSettings = {
				ALWAYS_SEARCH_USER_PATHS = NO;
				CLANG_CXX_LANGUAGE_STANDARD = "gnu++0x";
				CLANG_CXX_LIBRARY = "libc++";
				CLANG_ENABLE_MODULES = YES;
				CLANG_ENABLE_OBJC_ARC = YES;
				CLANG_WARN_BOOL_CONVERSION = YES;
				CLANG_WARN_CONSTANT_CONVERSION = YES;
				CLANG_WARN_DIRECT_OBJC_ISA_USAGE = YES_ERROR;
				CLANG_WARN_EMPTY_BODY = YES;
				CLANG_WARN_ENUM_CONVERSION = YES;
				CLANG_WARN_INT_CONVERSION = YES;
				CLANG_WARN_OBJC_ROOT_CLASS = YES_ERROR;
				CLANG_WARN_UNREACHABLE_CODE = YES;
				CLANG_WARN__DUPLICATE_METHOD_MATCH = YES;
				"CODE_SIGN_IDENTITY[sdk=iphoneos*]" = "iPhone Developer";
				COPY_PHASE_STRIP = NO;
				ENABLE_STRICT_OBJC_MSGSEND = YES;
				GCC_C_LANGUAGE_STANDARD = gnu99;
				GCC_DYNAMIC_NO_PIC = NO;
				GCC_OPTIMIZATION_LEVEL = 0;
				GCC_PREPROCESSOR_DEFINITIONS = (
					"DEBUG=1",
					"$(inherited)",
				);
				GCC_SYMBOLS_PRIVATE_EXTERN = NO;
				GCC_WARN_64_TO_32_BIT_CONVERSION = YES;
				GCC_WARN_ABOUT_RETURN_TYPE = YES_ERROR;
				GCC_WARN_UNDECLARED_SELECTOR = YES;
				GCC_WARN_UNINITIALIZED_AUTOS = YES_AGGRESSIVE;
				GCC_WARN_UNUSED_FUNCTION = YES;
				GCC_WARN_UNUSED_VARIABLE = YES;
				IPHONEOS_DEPLOYMENT_TARGET = 8.0;
				MTL_ENABLE_DEBUG_INFO = YES;
				ONLY_ACTIVE_ARCH = YES;
				SDKROOT = iphoneos;
				SWIFT_OPTIMIZATION_LEVEL = "-Onone";
			};
			name = Debug;
		};
		C433383319D61B4E00468C38 /* Release */ = {
			isa = XCBuildConfiguration;
			buildSettings = {
				ALWAYS_SEARCH_USER_PATHS = NO;
				CLANG_CXX_LANGUAGE_STANDARD = "gnu++0x";
				CLANG_CXX_LIBRARY = "libc++";
				CLANG_ENABLE_MODULES = YES;
				CLANG_ENABLE_OBJC_ARC = YES;
				CLANG_WARN_BOOL_CONVERSION = YES;
				CLANG_WARN_CONSTANT_CONVERSION = YES;
				CLANG_WARN_DIRECT_OBJC_ISA_USAGE = YES_ERROR;
				CLANG_WARN_EMPTY_BODY = YES;
				CLANG_WARN_ENUM_CONVERSION = YES;
				CLANG_WARN_INT_CONVERSION = YES;
				CLANG_WARN_OBJC_ROOT_CLASS = YES_ERROR;
				CLANG_WARN_UNREACHABLE_CODE = YES;
				CLANG_WARN__DUPLICATE_METHOD_MATCH = YES;
				"CODE_SIGN_IDENTITY[sdk=iphoneos*]" = "iPhone Developer";
				COPY_PHASE_STRIP = YES;
				ENABLE_NS_ASSERTIONS = NO;
				ENABLE_STRICT_OBJC_MSGSEND = YES;
				GCC_C_LANGUAGE_STANDARD = gnu99;
				GCC_WARN_64_TO_32_BIT_CONVERSION = YES;
				GCC_WARN_ABOUT_RETURN_TYPE = YES_ERROR;
				GCC_WARN_UNDECLARED_SELECTOR = YES;
				GCC_WARN_UNINITIALIZED_AUTOS = YES_AGGRESSIVE;
				GCC_WARN_UNUSED_FUNCTION = YES;
				GCC_WARN_UNUSED_VARIABLE = YES;
				IPHONEOS_DEPLOYMENT_TARGET = 8.0;
				MTL_ENABLE_DEBUG_INFO = NO;
				SDKROOT = iphoneos;
				VALIDATE_PRODUCT = YES;
			};
			name = Release;
		};
		C433383519D61B4E00468C38 /* Debug */ = {
			isa = XCBuildConfiguration;
			buildSettings = {
				ASSETCATALOG_COMPILER_APPICON_NAME = AppIcon;
				INFOPLIST_FILE = Auth/Info.plist;
				LD_RUNPATH_SEARCH_PATHS = "$(inherited) @executable_path/Frameworks";
				PRODUCT_NAME = "$(TARGET_NAME)";
			};
			name = Debug;
		};
		C433383619D61B4E00468C38 /* Release */ = {
			isa = XCBuildConfiguration;
			buildSettings = {
				ASSETCATALOG_COMPILER_APPICON_NAME = AppIcon;
				INFOPLIST_FILE = Auth/Info.plist;
				LD_RUNPATH_SEARCH_PATHS = "$(inherited) @executable_path/Frameworks";
				PRODUCT_NAME = "$(TARGET_NAME)";
			};
			name = Release;
		};
		C433383819D61B4E00468C38 /* Debug */ = {
			isa = XCBuildConfiguration;
			buildSettings = {
				BUNDLE_LOADER = "$(TEST_HOST)";
				FRAMEWORK_SEARCH_PATHS = (
					"$(SDKROOT)/Developer/Library/Frameworks",
					"$(inherited)",
				);
				GCC_PREPROCESSOR_DEFINITIONS = (
					"DEBUG=1",
					"$(inherited)",
				);
				INFOPLIST_FILE = AuthTests/Info.plist;
				LD_RUNPATH_SEARCH_PATHS = "$(inherited) @executable_path/Frameworks @loader_path/Frameworks";
				PRODUCT_NAME = "$(TARGET_NAME)";
				TEST_HOST = "$(BUILT_PRODUCTS_DIR)/Auth.app/Auth";
			};
			name = Debug;
		};
		C433383919D61B4E00468C38 /* Release */ = {
			isa = XCBuildConfiguration;
			buildSettings = {
				BUNDLE_LOADER = "$(TEST_HOST)";
				FRAMEWORK_SEARCH_PATHS = (
					"$(SDKROOT)/Developer/Library/Frameworks",
					"$(inherited)",
				);
				INFOPLIST_FILE = AuthTests/Info.plist;
				LD_RUNPATH_SEARCH_PATHS = "$(inherited) @executable_path/Frameworks @loader_path/Frameworks";
				PRODUCT_NAME = "$(TARGET_NAME)";
				TEST_HOST = "$(BUILT_PRODUCTS_DIR)/Auth.app/Auth";
			};
			name = Release;
		};
/* End XCBuildConfiguration section */

/* Begin XCConfigurationList section */
		C433381019D61B4E00468C38 /* Build configuration list for PBXProject "Auth" */ = {
			isa = XCConfigurationList;
			buildConfigurations = (
				C433383219D61B4E00468C38 /* Debug */,
				C433383319D61B4E00468C38 /* Release */,
			);
			defaultConfigurationIsVisible = 0;
			defaultConfigurationName = Release;
		};
		C433383419D61B4E00468C38 /* Build configuration list for PBXNativeTarget "Auth" */ = {
			isa = XCConfigurationList;
			buildConfigurations = (
				C433383519D61B4E00468C38 /* Debug */,
				C433383619D61B4E00468C38 /* Release */,
			);
			defaultConfigurationIsVisible = 0;
		};
		C433383719D61B4E00468C38 /* Build configuration list for PBXNativeTarget "AuthTests" */ = {
			isa = XCConfigurationList;
			buildConfigurations = (
				C433383819D61B4E00468C38 /* Debug */,
				C433383919D61B4E00468C38 /* Release */,
			);
			defaultConfigurationIsVisible = 0;
		};
/* End XCConfigurationList section */
	};
	rootObject = C433380D19D61B4E00468C38 /* Project object */;
}
